// !$*UTF8*$!
{
	archiveVersion = 1;
	classes = {
	};
	objectVersion = 55;
	objects = {

/* Begin PBXBuildFile section */
		1EB7A69C2744E9A700ECC25C /* AppDelegate.swift in Sources */ = {isa = PBXBuildFile; fileRef = 1EB7A69B2744E9A700ECC25C /* AppDelegate.swift */; };
		1EB7A69E2744E9A700ECC25C /* SceneDelegate.swift in Sources */ = {isa = PBXBuildFile; fileRef = 1EB7A69D2744E9A700ECC25C /* SceneDelegate.swift */; };
		1EB7A6A02744E9A700ECC25C /* ViewController.swift in Sources */ = {isa = PBXBuildFile; fileRef = 1EB7A69F2744E9A700ECC25C /* ViewController.swift */; };
		1EB7A6A32744E9A700ECC25C /* Main.storyboard in Resources */ = {isa = PBXBuildFile; fileRef = 1EB7A6A12744E9A700ECC25C /* Main.storyboard */; };
		1EB7A6A52744E9A800ECC25C /* Assets.xcassets in Resources */ = {isa = PBXBuildFile; fileRef = 1EB7A6A42744E9A800ECC25C /* Assets.xcassets */; };
		1EB7A6A82744E9A800ECC25C /* LaunchScreen.storyboard in Resources */ = {isa = PBXBuildFile; fileRef = 1EB7A6A62744E9A800ECC25C /* LaunchScreen.storyboard */; };
		1EB7A6D42747979200ECC25C /* Add.storyboard in Resources */ = {isa = PBXBuildFile; fileRef = 1EB7A6D32747979200ECC25C /* Add.storyboard */; };
		1EB7A6D6274797A800ECC25C /* AddViewController.swift in Sources */ = {isa = PBXBuildFile; fileRef = 1EB7A6D5274797A800ECC25C /* AddViewController.swift */; };
		1EB7A6D827479D0B00ECC25C /* Search.storyboard in Resources */ = {isa = PBXBuildFile; fileRef = 1EB7A6D727479D0B00ECC25C /* Search.storyboard */; };
		1EB7A6DA27479D1C00ECC25C /* SearchViewController.swift in Sources */ = {isa = PBXBuildFile; fileRef = 1EB7A6D927479D1C00ECC25C /* SearchViewController.swift */; };
		1EB7A6DC27479D9C00ECC25C /* Home.storyboard in Resources */ = {isa = PBXBuildFile; fileRef = 1EB7A6DB27479D9C00ECC25C /* Home.storyboard */; };
		1EB7A6DE27479DA700ECC25C /* HomeViewController.swift in Sources */ = {isa = PBXBuildFile; fileRef = 1EB7A6DD27479DA700ECC25C /* HomeViewController.swift */; };
		1EB7A6E02747A2C300ECC25C /* MyPage.storyboard in Resources */ = {isa = PBXBuildFile; fileRef = 1EB7A6DF2747A2C300ECC25C /* MyPage.storyboard */; };
		1EB7A6E22747A2ED00ECC25C /* MyPageViewController.swift in Sources */ = {isa = PBXBuildFile; fileRef = 1EB7A6E12747A2ED00ECC25C /* MyPageViewController.swift */; };
		1EB7A6E42748125C00ECC25C /* List.storyboard in Resources */ = {isa = PBXBuildFile; fileRef = 1EB7A6E32748125C00ECC25C /* List.storyboard */; };
		1EB7A6E62748126D00ECC25C /* ListViewController.swift in Sources */ = {isa = PBXBuildFile; fileRef = 1EB7A6E52748126D00ECC25C /* ListViewController.swift */; };
		1EB7A6E92749527700ECC25C /* TagCollectionViewCell.swift in Sources */ = {isa = PBXBuildFile; fileRef = 1EB7A6E72749527600ECC25C /* TagCollectionViewCell.swift */; };
		1EB7A6EA2749527700ECC25C /* TagCollectionViewCell.xib in Resources */ = {isa = PBXBuildFile; fileRef = 1EB7A6E82749527600ECC25C /* TagCollectionViewCell.xib */; };
		1EB7A6EF274B354D00ECC25C /* HomeTableViewCell.swift in Sources */ = {isa = PBXBuildFile; fileRef = 1EB7A6ED274B354D00ECC25C /* HomeTableViewCell.swift */; };
		1EB7A6F0274B354D00ECC25C /* HomeTableViewCell.xib in Resources */ = {isa = PBXBuildFile; fileRef = 1EB7A6EE274B354D00ECC25C /* HomeTableViewCell.xib */; };
		1EB7A6F3274C032200ECC25C /* HomeHeaderCollectionViewCell.swift in Sources */ = {isa = PBXBuildFile; fileRef = 1EB7A6F1274C032200ECC25C /* HomeHeaderCollectionViewCell.swift */; };
		1EB7A6F4274C032200ECC25C /* HomeHeaderCollectionViewCell.xib in Resources */ = {isa = PBXBuildFile; fileRef = 1EB7A6F2274C032200ECC25C /* HomeHeaderCollectionViewCell.xib */; };
		1EB7A6F7274C23FC00ECC25C /* SearchTableViewCell.swift in Sources */ = {isa = PBXBuildFile; fileRef = 1EB7A6F5274C23FC00ECC25C /* SearchTableViewCell.swift */; };
		1EB7A6F8274C23FC00ECC25C /* SearchTableViewCell.xib in Resources */ = {isa = PBXBuildFile; fileRef = 1EB7A6F6274C23FC00ECC25C /* SearchTableViewCell.xib */; };
		1EB7A6FB274D846300ECC25C /* UIColor+Extension.swift in Sources */ = {isa = PBXBuildFile; fileRef = 1EB7A6FA274D846300ECC25C /* UIColor+Extension.swift */; };
		1EB7A700274E3C4A00ECC25C /* Realm in Frameworks */ = {isa = PBXBuildFile; productRef = 1EB7A6FF274E3C4A00ECC25C /* Realm */; };
		1EB7A702274E3C4A00ECC25C /* RealmSwift in Frameworks */ = {isa = PBXBuildFile; productRef = 1EB7A701274E3C4A00ECC25C /* RealmSwift */; };
		1EB7A704274E3CA900ECC25C /* RealmModel.swift in Sources */ = {isa = PBXBuildFile; fileRef = 1EB7A703274E3CA900ECC25C /* RealmModel.swift */; };
		1EB7A713274E973D00ECC25C /* ONE Mobile OTF Bold.otf in Resources */ = {isa = PBXBuildFile; fileRef = 1EB7A712274E973C00ECC25C /* ONE Mobile OTF Bold.otf */; };
		1EB7A715274E97E300ECC25C /* ONE Mobile POP OTF.otf in Resources */ = {isa = PBXBuildFile; fileRef = 1EB7A714274E97E300ECC25C /* ONE Mobile POP OTF.otf */; };
		1EB7A717274E980300ECC25C /* ONE Mobile Title OTF.otf in Resources */ = {isa = PBXBuildFile; fileRef = 1EB7A716274E980300ECC25C /* ONE Mobile Title OTF.otf */; };
		1EB7A719274E9AF700ECC25C /* ONE Mobile OTF Light.otf in Resources */ = {isa = PBXBuildFile; fileRef = 1EB7A718274E9AF700ECC25C /* ONE Mobile OTF Light.otf */; };
		1EB7A71B274E9C7700ECC25C /* UIFont+Extension.swift in Sources */ = {isa = PBXBuildFile; fileRef = 1EB7A71A274E9C7700ECC25C /* UIFont+Extension.swift */; };
		1EB7A71D274EA34900ECC25C /* SliderStar.swift in Sources */ = {isa = PBXBuildFile; fileRef = 1EB7A71C274EA34900ECC25C /* SliderStar.swift */; };
/* End PBXBuildFile section */

/* Begin PBXFileReference section */
		1EB7A6982744E9A700ECC25C /* SeSac_MyMealLog.app */ = {isa = PBXFileReference; explicitFileType = wrapper.application; includeInIndex = 0; path = SeSac_MyMealLog.app; sourceTree = BUILT_PRODUCTS_DIR; };
		1EB7A69B2744E9A700ECC25C /* AppDelegate.swift */ = {isa = PBXFileReference; lastKnownFileType = sourcecode.swift; path = AppDelegate.swift; sourceTree = "<group>"; };
		1EB7A69D2744E9A700ECC25C /* SceneDelegate.swift */ = {isa = PBXFileReference; lastKnownFileType = sourcecode.swift; path = SceneDelegate.swift; sourceTree = "<group>"; };
		1EB7A69F2744E9A700ECC25C /* ViewController.swift */ = {isa = PBXFileReference; lastKnownFileType = sourcecode.swift; path = ViewController.swift; sourceTree = "<group>"; };
		1EB7A6A22744E9A700ECC25C /* Base */ = {isa = PBXFileReference; lastKnownFileType = file.storyboard; name = Base; path = Base.lproj/Main.storyboard; sourceTree = "<group>"; };
		1EB7A6A42744E9A800ECC25C /* Assets.xcassets */ = {isa = PBXFileReference; lastKnownFileType = folder.assetcatalog; path = Assets.xcassets; sourceTree = "<group>"; };
		1EB7A6A72744E9A800ECC25C /* Base */ = {isa = PBXFileReference; lastKnownFileType = file.storyboard; name = Base; path = Base.lproj/LaunchScreen.storyboard; sourceTree = "<group>"; };
		1EB7A6A92744E9A800ECC25C /* Info.plist */ = {isa = PBXFileReference; lastKnownFileType = text.plist.xml; path = Info.plist; sourceTree = "<group>"; };
		1EB7A6D32747979200ECC25C /* Add.storyboard */ = {isa = PBXFileReference; lastKnownFileType = file.storyboard; path = Add.storyboard; sourceTree = "<group>"; };
		1EB7A6D5274797A800ECC25C /* AddViewController.swift */ = {isa = PBXFileReference; lastKnownFileType = sourcecode.swift; path = AddViewController.swift; sourceTree = "<group>"; };
		1EB7A6D727479D0B00ECC25C /* Search.storyboard */ = {isa = PBXFileReference; lastKnownFileType = file.storyboard; path = Search.storyboard; sourceTree = "<group>"; };
		1EB7A6D927479D1C00ECC25C /* SearchViewController.swift */ = {isa = PBXFileReference; lastKnownFileType = sourcecode.swift; path = SearchViewController.swift; sourceTree = "<group>"; };
		1EB7A6DB27479D9C00ECC25C /* Home.storyboard */ = {isa = PBXFileReference; lastKnownFileType = file.storyboard; path = Home.storyboard; sourceTree = "<group>"; };
		1EB7A6DD27479DA700ECC25C /* HomeViewController.swift */ = {isa = PBXFileReference; lastKnownFileType = sourcecode.swift; path = HomeViewController.swift; sourceTree = "<group>"; };
		1EB7A6DF2747A2C300ECC25C /* MyPage.storyboard */ = {isa = PBXFileReference; lastKnownFileType = file.storyboard; path = MyPage.storyboard; sourceTree = "<group>"; };
		1EB7A6E12747A2ED00ECC25C /* MyPageViewController.swift */ = {isa = PBXFileReference; lastKnownFileType = sourcecode.swift; path = MyPageViewController.swift; sourceTree = "<group>"; };
		1EB7A6E32748125C00ECC25C /* List.storyboard */ = {isa = PBXFileReference; lastKnownFileType = file.storyboard; path = List.storyboard; sourceTree = "<group>"; };
		1EB7A6E52748126D00ECC25C /* ListViewController.swift */ = {isa = PBXFileReference; lastKnownFileType = sourcecode.swift; path = ListViewController.swift; sourceTree = "<group>"; };
		1EB7A6E72749527600ECC25C /* TagCollectionViewCell.swift */ = {isa = PBXFileReference; lastKnownFileType = sourcecode.swift; path = TagCollectionViewCell.swift; sourceTree = "<group>"; };
		1EB7A6E82749527600ECC25C /* TagCollectionViewCell.xib */ = {isa = PBXFileReference; lastKnownFileType = file.xib; path = TagCollectionViewCell.xib; sourceTree = "<group>"; };
		1EB7A6ED274B354D00ECC25C /* HomeTableViewCell.swift */ = {isa = PBXFileReference; lastKnownFileType = sourcecode.swift; path = HomeTableViewCell.swift; sourceTree = "<group>"; };
		1EB7A6EE274B354D00ECC25C /* HomeTableViewCell.xib */ = {isa = PBXFileReference; lastKnownFileType = file.xib; path = HomeTableViewCell.xib; sourceTree = "<group>"; };
		1EB7A6F1274C032200ECC25C /* HomeHeaderCollectionViewCell.swift */ = {isa = PBXFileReference; lastKnownFileType = sourcecode.swift; path = HomeHeaderCollectionViewCell.swift; sourceTree = "<group>"; };
		1EB7A6F2274C032200ECC25C /* HomeHeaderCollectionViewCell.xib */ = {isa = PBXFileReference; lastKnownFileType = file.xib; path = HomeHeaderCollectionViewCell.xib; sourceTree = "<group>"; };
		1EB7A6F5274C23FC00ECC25C /* SearchTableViewCell.swift */ = {isa = PBXFileReference; lastKnownFileType = sourcecode.swift; path = SearchTableViewCell.swift; sourceTree = "<group>"; };
		1EB7A6F6274C23FC00ECC25C /* SearchTableViewCell.xib */ = {isa = PBXFileReference; lastKnownFileType = file.xib; path = SearchTableViewCell.xib; sourceTree = "<group>"; };
		1EB7A6FA274D846300ECC25C /* UIColor+Extension.swift */ = {isa = PBXFileReference; lastKnownFileType = sourcecode.swift; path = "UIColor+Extension.swift"; sourceTree = "<group>"; };
		1EB7A703274E3CA900ECC25C /* RealmModel.swift */ = {isa = PBXFileReference; lastKnownFileType = sourcecode.swift; path = RealmModel.swift; sourceTree = "<group>"; };
		1EB7A712274E973C00ECC25C /* ONE Mobile OTF Bold.otf */ = {isa = PBXFileReference; lastKnownFileType = file; path = "ONE Mobile OTF Bold.otf"; sourceTree = "<group>"; };
		1EB7A714274E97E300ECC25C /* ONE Mobile POP OTF.otf */ = {isa = PBXFileReference; lastKnownFileType = file; path = "ONE Mobile POP OTF.otf"; sourceTree = "<group>"; };
		1EB7A716274E980300ECC25C /* ONE Mobile Title OTF.otf */ = {isa = PBXFileReference; lastKnownFileType = file; path = "ONE Mobile Title OTF.otf"; sourceTree = "<group>"; };
		1EB7A718274E9AF700ECC25C /* ONE Mobile OTF Light.otf */ = {isa = PBXFileReference; lastKnownFileType = file; path = "ONE Mobile OTF Light.otf"; sourceTree = "<group>"; };
		1EB7A71A274E9C7700ECC25C /* UIFont+Extension.swift */ = {isa = PBXFileReference; lastKnownFileType = sourcecode.swift; path = "UIFont+Extension.swift"; sourceTree = "<group>"; };
		1EB7A71C274EA34900ECC25C /* SliderStar.swift */ = {isa = PBXFileReference; lastKnownFileType = sourcecode.swift; path = SliderStar.swift; sourceTree = "<group>"; };
/* End PBXFileReference section */

/* Begin PBXFrameworksBuildPhase section */
		1EB7A6952744E9A700ECC25C /* Frameworks */ = {
			isa = PBXFrameworksBuildPhase;
			buildActionMask = 2147483647;
			files = (
				1EB7A702274E3C4A00ECC25C /* RealmSwift in Frameworks */,
				1EB7A700274E3C4A00ECC25C /* Realm in Frameworks */,
			);
			runOnlyForDeploymentPostprocessing = 0;
		};
/* End PBXFrameworksBuildPhase section */

/* Begin PBXGroup section */
		1EB7A68F2744E9A700ECC25C = {
			isa = PBXGroup;
			children = (
				1EB7A69A2744E9A700ECC25C /* SeSac_MyMealLog */,
				1EB7A6992744E9A700ECC25C /* Products */,
			);
			sourceTree = "<group>";
		};
		1EB7A6992744E9A700ECC25C /* Products */ = {
			isa = PBXGroup;
			children = (
				1EB7A6982744E9A700ECC25C /* SeSac_MyMealLog.app */,
			);
			name = Products;
			sourceTree = "<group>";
		};
		1EB7A69A2744E9A700ECC25C /* SeSac_MyMealLog */ = {
			isa = PBXGroup;
			children = (
				1EB7A705274E800900ECC25C /* Font */,
				1EB7A6D2274796B100ECC25C /* StoryBoard */,
				1EB7A6D12747963500ECC25C /* Controller */,
				1EB7A6D02747962A00ECC25C /* Model */,
				1EB7A6CF2747962100ECC25C /* View */,
				1EB7A6A42744E9A800ECC25C /* Assets.xcassets */,
				1EB7A6A92744E9A800ECC25C /* Info.plist */,
			);
			path = SeSac_MyMealLog;
			sourceTree = "<group>";
		};
		1EB7A6CF2747962100ECC25C /* View */ = {
			isa = PBXGroup;
			children = (
				1EB7A69B2744E9A700ECC25C /* AppDelegate.swift */,
				1EB7A69D2744E9A700ECC25C /* SceneDelegate.swift */,
			);
			path = View;
			sourceTree = "<group>";
		};
		1EB7A6D02747962A00ECC25C /* Model */ = {
			isa = PBXGroup;
			children = (
				1EB7A6FD274E3BF700ECC25C /* Realm */,
				1EB7A6FC274D8C8E00ECC25C /* Extension */,
			);
			path = Model;
			sourceTree = "<group>";
		};
		1EB7A6D12747963500ECC25C /* Controller */ = {
			isa = PBXGroup;
			children = (
				1EB7A6F1274C032200ECC25C /* HomeHeaderCollectionViewCell.swift */,
				1EB7A6ED274B354D00ECC25C /* HomeTableViewCell.swift */,
				1EB7A6E72749527600ECC25C /* TagCollectionViewCell.swift */,
				1EB7A69F2744E9A700ECC25C /* ViewController.swift */,
				1EB7A6D5274797A800ECC25C /* AddViewController.swift */,
				1EB7A6D927479D1C00ECC25C /* SearchViewController.swift */,
				1EB7A6F5274C23FC00ECC25C /* SearchTableViewCell.swift */,
				1EB7A6DD27479DA700ECC25C /* HomeViewController.swift */,
				1EB7A6E12747A2ED00ECC25C /* MyPageViewController.swift */,
				1EB7A6E52748126D00ECC25C /* ListViewController.swift */,
				1EB7A71C274EA34900ECC25C /* SliderStar.swift */,
			);
			path = Controller;
			sourceTree = "<group>";
		};
		1EB7A6D2274796B100ECC25C /* StoryBoard */ = {
			isa = PBXGroup;
			children = (
				1EB7A6F9274CEBD100ECC25C /* Cell */,
				1EB7A6A12744E9A700ECC25C /* Main.storyboard */,
				1EB7A6A62744E9A800ECC25C /* LaunchScreen.storyboard */,
				1EB7A6DB27479D9C00ECC25C /* Home.storyboard */,
				1EB7A6D727479D0B00ECC25C /* Search.storyboard */,
				1EB7A6D32747979200ECC25C /* Add.storyboard */,
				1EB7A6E32748125C00ECC25C /* List.storyboard */,
				1EB7A6F6274C23FC00ECC25C /* SearchTableViewCell.xib */,
				1EB7A6DF2747A2C300ECC25C /* MyPage.storyboard */,
			);
			path = StoryBoard;
			sourceTree = "<group>";
		};
		1EB7A6F9274CEBD100ECC25C /* Cell */ = {
			isa = PBXGroup;
			children = (
				1EB7A6F2274C032200ECC25C /* HomeHeaderCollectionViewCell.xib */,
				1EB7A6E82749527600ECC25C /* TagCollectionViewCell.xib */,
				1EB7A6EE274B354D00ECC25C /* HomeTableViewCell.xib */,
			);
			path = Cell;
			sourceTree = "<group>";
		};
		1EB7A6FC274D8C8E00ECC25C /* Extension */ = {
			isa = PBXGroup;
			children = (
				1EB7A6FA274D846300ECC25C /* UIColor+Extension.swift */,
				1EB7A71A274E9C7700ECC25C /* UIFont+Extension.swift */,
			);
			path = Extension;
			sourceTree = "<group>";
		};
		1EB7A6FD274E3BF700ECC25C /* Realm */ = {
			isa = PBXGroup;
			children = (
				1EB7A703274E3CA900ECC25C /* RealmModel.swift */,
			);
			path = Realm;
			sourceTree = "<group>";
		};
		1EB7A705274E800900ECC25C /* Font */ = {
			isa = PBXGroup;
			children = (
				1EB7A714274E97E300ECC25C /* ONE Mobile POP OTF.otf */,
				1EB7A716274E980300ECC25C /* ONE Mobile Title OTF.otf */,
				1EB7A718274E9AF700ECC25C /* ONE Mobile OTF Light.otf */,
				1EB7A712274E973C00ECC25C /* ONE Mobile OTF Bold.otf */,
			);
			path = Font;
			sourceTree = "<group>";
		};
/* End PBXGroup section */

/* Begin PBXNativeTarget section */
		1EB7A6972744E9A700ECC25C /* SeSac_MyMealLog */ = {
			isa = PBXNativeTarget;
			buildConfigurationList = 1EB7A6AC2744E9A800ECC25C /* Build configuration list for PBXNativeTarget "SeSac_MyMealLog" */;
			buildPhases = (
				1EB7A6942744E9A700ECC25C /* Sources */,
				1EB7A6952744E9A700ECC25C /* Frameworks */,
				1EB7A6962744E9A700ECC25C /* Resources */,
			);
			buildRules = (
			);
			dependencies = (
			);
			name = SeSac_MyMealLog;
			packageProductDependencies = (
				1EB7A6FF274E3C4A00ECC25C /* Realm */,
				1EB7A701274E3C4A00ECC25C /* RealmSwift */,
			);
			productName = SeSac_MyMealLog;
			productReference = 1EB7A6982744E9A700ECC25C /* SeSac_MyMealLog.app */;
			productType = "com.apple.product-type.application";
		};
/* End PBXNativeTarget section */

/* Begin PBXProject section */
		1EB7A6902744E9A700ECC25C /* Project object */ = {
			isa = PBXProject;
			attributes = {
				BuildIndependentTargetsInParallel = 1;
				LastSwiftUpdateCheck = 1300;
				LastUpgradeCheck = 1300;
				TargetAttributes = {
					1EB7A6972744E9A700ECC25C = {
						CreatedOnToolsVersion = 13.0;
					};
				};
			};
			buildConfigurationList = 1EB7A6932744E9A700ECC25C /* Build configuration list for PBXProject "SeSac_MyMealLog" */;
			compatibilityVersion = "Xcode 13.0";
			developmentRegion = en;
			hasScannedForEncodings = 0;
			knownRegions = (
				en,
				Base,
			);
			mainGroup = 1EB7A68F2744E9A700ECC25C;
			packageReferences = (
				1EB7A6FE274E3C4A00ECC25C /* XCRemoteSwiftPackageReference "realm-cocoa" */,
			);
			productRefGroup = 1EB7A6992744E9A700ECC25C /* Products */;
			projectDirPath = "";
			projectRoot = "";
			targets = (
				1EB7A6972744E9A700ECC25C /* SeSac_MyMealLog */,
			);
		};
/* End PBXProject section */

/* Begin PBXResourcesBuildPhase section */
		1EB7A6962744E9A700ECC25C /* Resources */ = {
			isa = PBXResourcesBuildPhase;
			buildActionMask = 2147483647;
			files = (
				1EB7A6A82744E9A800ECC25C /* LaunchScreen.storyboard in Resources */,
				1EB7A6A52744E9A800ECC25C /* Assets.xcassets in Resources */,
				1EB7A713274E973D00ECC25C /* ONE Mobile OTF Bold.otf in Resources */,
				1EB7A6E42748125C00ECC25C /* List.storyboard in Resources */,
				1EB7A6D42747979200ECC25C /* Add.storyboard in Resources */,
				1EB7A6F4274C032200ECC25C /* HomeHeaderCollectionViewCell.xib in Resources */,
				1EB7A6F8274C23FC00ECC25C /* SearchTableViewCell.xib in Resources */,
				1EB7A6DC27479D9C00ECC25C /* Home.storyboard in Resources */,
				1EB7A717274E980300ECC25C /* ONE Mobile Title OTF.otf in Resources */,
				1EB7A6E02747A2C300ECC25C /* MyPage.storyboard in Resources */,
				1EB7A719274E9AF700ECC25C /* ONE Mobile OTF Light.otf in Resources */,
				1EB7A6EA2749527700ECC25C /* TagCollectionViewCell.xib in Resources */,
				1EB7A6A32744E9A700ECC25C /* Main.storyboard in Resources */,
				1EB7A715274E97E300ECC25C /* ONE Mobile POP OTF.otf in Resources */,
				1EB7A6F0274B354D00ECC25C /* HomeTableViewCell.xib in Resources */,
				1EB7A6D827479D0B00ECC25C /* Search.storyboard in Resources */,
			);
			runOnlyForDeploymentPostprocessing = 0;
		};
/* End PBXResourcesBuildPhase section */

/* Begin PBXSourcesBuildPhase section */
		1EB7A6942744E9A700ECC25C /* Sources */ = {
			isa = PBXSourcesBuildPhase;
			buildActionMask = 2147483647;
			files = (
				1EB7A6DA27479D1C00ECC25C /* SearchViewController.swift in Sources */,
				1EB7A704274E3CA900ECC25C /* RealmModel.swift in Sources */,
				1EB7A6A02744E9A700ECC25C /* ViewController.swift in Sources */,
				1EB7A71B274E9C7700ECC25C /* UIFont+Extension.swift in Sources */,
				1EB7A6F3274C032200ECC25C /* HomeHeaderCollectionViewCell.swift in Sources */,
				1EB7A6E22747A2ED00ECC25C /* MyPageViewController.swift in Sources */,
				1EB7A6E92749527700ECC25C /* TagCollectionViewCell.swift in Sources */,
				1EB7A69C2744E9A700ECC25C /* AppDelegate.swift in Sources */,
				1EB7A71D274EA34900ECC25C /* SliderStar.swift in Sources */,
				1EB7A6D6274797A800ECC25C /* AddViewController.swift in Sources */,
				1EB7A6EF274B354D00ECC25C /* HomeTableViewCell.swift in Sources */,
				1EB7A69E2744E9A700ECC25C /* SceneDelegate.swift in Sources */,
				1EB7A6F7274C23FC00ECC25C /* SearchTableViewCell.swift in Sources */,
				1EB7A6FB274D846300ECC25C /* UIColor+Extension.swift in Sources */,
				1EB7A6E62748126D00ECC25C /* ListViewController.swift in Sources */,
				1EB7A6DE27479DA700ECC25C /* HomeViewController.swift in Sources */,
			);
			runOnlyForDeploymentPostprocessing = 0;
		};
/* End PBXSourcesBuildPhase section */

/* Begin PBXVariantGroup section */
		1EB7A6A12744E9A700ECC25C /* Main.storyboard */ = {
			isa = PBXVariantGroup;
			children = (
				1EB7A6A22744E9A700ECC25C /* Base */,
			);
			name = Main.storyboard;
			sourceTree = "<group>";
		};
		1EB7A6A62744E9A800ECC25C /* LaunchScreen.storyboard */ = {
			isa = PBXVariantGroup;
			children = (
				1EB7A6A72744E9A800ECC25C /* Base */,
			);
			name = LaunchScreen.storyboard;
			sourceTree = "<group>";
		};
/* End PBXVariantGroup section */

/* Begin XCBuildConfiguration section */
		1EB7A6AA2744E9A800ECC25C /* Debug */ = {
			isa = XCBuildConfiguration;
			buildSettings = {
				ALWAYS_SEARCH_USER_PATHS = NO;
				CLANG_ANALYZER_NONNULL = YES;
				CLANG_ANALYZER_NUMBER_OBJECT_CONVERSION = YES_AGGRESSIVE;
				CLANG_CXX_LANGUAGE_STANDARD = "gnu++17";
				CLANG_CXX_LIBRARY = "libc++";
				CLANG_ENABLE_MODULES = YES;
				CLANG_ENABLE_OBJC_ARC = YES;
				CLANG_ENABLE_OBJC_WEAK = YES;
				CLANG_WARN_BLOCK_CAPTURE_AUTORELEASING = YES;
				CLANG_WARN_BOOL_CONVERSION = YES;
				CLANG_WARN_COMMA = YES;
				CLANG_WARN_CONSTANT_CONVERSION = YES;
				CLANG_WARN_DEPRECATED_OBJC_IMPLEMENTATIONS = YES;
				CLANG_WARN_DIRECT_OBJC_ISA_USAGE = YES_ERROR;
				CLANG_WARN_DOCUMENTATION_COMMENTS = YES;
				CLANG_WARN_EMPTY_BODY = YES;
				CLANG_WARN_ENUM_CONVERSION = YES;
				CLANG_WARN_INFINITE_RECURSION = YES;
				CLANG_WARN_INT_CONVERSION = YES;
				CLANG_WARN_NON_LITERAL_NULL_CONVERSION = YES;
				CLANG_WARN_OBJC_IMPLICIT_RETAIN_SELF = YES;
				CLANG_WARN_OBJC_LITERAL_CONVERSION = YES;
				CLANG_WARN_OBJC_ROOT_CLASS = YES_ERROR;
				CLANG_WARN_QUOTED_INCLUDE_IN_FRAMEWORK_HEADER = YES;
				CLANG_WARN_RANGE_LOOP_ANALYSIS = YES;
				CLANG_WARN_STRICT_PROTOTYPES = YES;
				CLANG_WARN_SUSPICIOUS_MOVE = YES;
				CLANG_WARN_UNGUARDED_AVAILABILITY = YES_AGGRESSIVE;
				CLANG_WARN_UNREACHABLE_CODE = YES;
				CLANG_WARN__DUPLICATE_METHOD_MATCH = YES;
				COPY_PHASE_STRIP = NO;
				DEBUG_INFORMATION_FORMAT = dwarf;
				ENABLE_STRICT_OBJC_MSGSEND = YES;
				ENABLE_TESTABILITY = YES;
				GCC_C_LANGUAGE_STANDARD = gnu11;
				GCC_DYNAMIC_NO_PIC = NO;
				GCC_NO_COMMON_BLOCKS = YES;
				GCC_OPTIMIZATION_LEVEL = 0;
				GCC_PREPROCESSOR_DEFINITIONS = (
					"DEBUG=1",
					"$(inherited)",
				);
				GCC_WARN_64_TO_32_BIT_CONVERSION = YES;
				GCC_WARN_ABOUT_RETURN_TYPE = YES_ERROR;
				GCC_WARN_UNDECLARED_SELECTOR = YES;
				GCC_WARN_UNINITIALIZED_AUTOS = YES_AGGRESSIVE;
				GCC_WARN_UNUSED_FUNCTION = YES;
				GCC_WARN_UNUSED_VARIABLE = YES;
				IPHONEOS_DEPLOYMENT_TARGET = 15.0;
				MTL_ENABLE_DEBUG_INFO = INCLUDE_SOURCE;
				MTL_FAST_MATH = YES;
				ONLY_ACTIVE_ARCH = YES;
				SDKROOT = iphoneos;
				SWIFT_ACTIVE_COMPILATION_CONDITIONS = DEBUG;
				SWIFT_OPTIMIZATION_LEVEL = "-Onone";
			};
			name = Debug;
		};
		1EB7A6AB2744E9A800ECC25C /* Release */ = {
			isa = XCBuildConfiguration;
			buildSettings = {
				ALWAYS_SEARCH_USER_PATHS = NO;
				CLANG_ANALYZER_NONNULL = YES;
				CLANG_ANALYZER_NUMBER_OBJECT_CONVERSION = YES_AGGRESSIVE;
				CLANG_CXX_LANGUAGE_STANDARD = "gnu++17";
				CLANG_CXX_LIBRARY = "libc++";
				CLANG_ENABLE_MODULES = YES;
				CLANG_ENABLE_OBJC_ARC = YES;
				CLANG_ENABLE_OBJC_WEAK = YES;
				CLANG_WARN_BLOCK_CAPTURE_AUTORELEASING = YES;
				CLANG_WARN_BOOL_CONVERSION = YES;
				CLANG_WARN_COMMA = YES;
				CLANG_WARN_CONSTANT_CONVERSION = YES;
				CLANG_WARN_DEPRECATED_OBJC_IMPLEMENTATIONS = YES;
				CLANG_WARN_DIRECT_OBJC_ISA_USAGE = YES_ERROR;
				CLANG_WARN_DOCUMENTATION_COMMENTS = YES;
				CLANG_WARN_EMPTY_BODY = YES;
				CLANG_WARN_ENUM_CONVERSION = YES;
				CLANG_WARN_INFINITE_RECURSION = YES;
				CLANG_WARN_INT_CONVERSION = YES;
				CLANG_WARN_NON_LITERAL_NULL_CONVERSION = YES;
				CLANG_WARN_OBJC_IMPLICIT_RETAIN_SELF = YES;
				CLANG_WARN_OBJC_LITERAL_CONVERSION = YES;
				CLANG_WARN_OBJC_ROOT_CLASS = YES_ERROR;
				CLANG_WARN_QUOTED_INCLUDE_IN_FRAMEWORK_HEADER = YES;
				CLANG_WARN_RANGE_LOOP_ANALYSIS = YES;
				CLANG_WARN_STRICT_PROTOTYPES = YES;
				CLANG_WARN_SUSPICIOUS_MOVE = YES;
				CLANG_WARN_UNGUARDED_AVAILABILITY = YES_AGGRESSIVE;
				CLANG_WARN_UNREACHABLE_CODE = YES;
				CLANG_WARN__DUPLICATE_METHOD_MATCH = YES;
				COPY_PHASE_STRIP = NO;
				DEBUG_INFORMATION_FORMAT = "dwarf-with-dsym";
				ENABLE_NS_ASSERTIONS = NO;
				ENABLE_STRICT_OBJC_MSGSEND = YES;
				GCC_C_LANGUAGE_STANDARD = gnu11;
				GCC_NO_COMMON_BLOCKS = YES;
				GCC_WARN_64_TO_32_BIT_CONVERSION = YES;
				GCC_WARN_ABOUT_RETURN_TYPE = YES_ERROR;
				GCC_WARN_UNDECLARED_SELECTOR = YES;
				GCC_WARN_UNINITIALIZED_AUTOS = YES_AGGRESSIVE;
				GCC_WARN_UNUSED_FUNCTION = YES;
				GCC_WARN_UNUSED_VARIABLE = YES;
				IPHONEOS_DEPLOYMENT_TARGET = 15.0;
				MTL_ENABLE_DEBUG_INFO = NO;
				MTL_FAST_MATH = YES;
				SDKROOT = iphoneos;
				SWIFT_COMPILATION_MODE = wholemodule;
				SWIFT_OPTIMIZATION_LEVEL = "-O";
				VALIDATE_PRODUCT = YES;
			};
			name = Release;
		};
		1EB7A6AD2744E9A800ECC25C /* Debug */ = {
			isa = XCBuildConfiguration;
			buildSettings = {
				ASSETCATALOG_COMPILER_APPICON_NAME = AppIcon;
				ASSETCATALOG_COMPILER_GLOBAL_ACCENT_COLOR_NAME = AccentColor;
				CODE_SIGN_STYLE = Automatic;
				CURRENT_PROJECT_VERSION = 1;
				GENERATE_INFOPLIST_FILE = YES;
				INFOPLIST_FILE = SeSac_MyMealLog/Info.plist;
				INFOPLIST_KEY_UIApplicationSupportsIndirectInputEvents = YES;
				INFOPLIST_KEY_UILaunchStoryboardName = LaunchScreen;
				INFOPLIST_KEY_UIMainStoryboardFile = Main;
				INFOPLIST_KEY_UISupportedInterfaceOrientations_iPad = "UIInterfaceOrientationPortrait UIInterfaceOrientationPortraitUpsideDown UIInterfaceOrientationLandscapeLeft UIInterfaceOrientationLandscapeRight";
				INFOPLIST_KEY_UISupportedInterfaceOrientations_iPhone = "UIInterfaceOrientationPortrait UIInterfaceOrientationLandscapeLeft UIInterfaceOrientationLandscapeRight";
				LD_RUNPATH_SEARCH_PATHS = (
					"$(inherited)",
					"@executable_path/Frameworks",
				);
				MARKETING_VERSION = 1.0;
				PRODUCT_BUNDLE_IDENTIFIER = "com.lee.MansunMarket.SeSac-MyMealLog";
				PRODUCT_NAME = "$(TARGET_NAME)";
				SWIFT_EMIT_LOC_STRINGS = YES;
				SWIFT_VERSION = 5.0;
				TARGETED_DEVICE_FAMILY = "1,2";
			};
			name = Debug;
		};
		1EB7A6AE2744E9A800ECC25C /* Release */ = {
			isa = XCBuildConfiguration;
			buildSettings = {
				ASSETCATALOG_COMPILER_APPICON_NAME = AppIcon;
				ASSETCATALOG_COMPILER_GLOBAL_ACCENT_COLOR_NAME = AccentColor;
				CODE_SIGN_STYLE = Automatic;
				CURRENT_PROJECT_VERSION = 1;
				GENERATE_INFOPLIST_FILE = YES;
				INFOPLIST_FILE = SeSac_MyMealLog/Info.plist;
				INFOPLIST_KEY_UIApplicationSupportsIndirectInputEvents = YES;
				INFOPLIST_KEY_UILaunchStoryboardName = LaunchScreen;
				INFOPLIST_KEY_UIMainStoryboardFile = Main;
				INFOPLIST_KEY_UISupportedInterfaceOrientations_iPad = "UIInterfaceOrientationPortrait UIInterfaceOrientationPortraitUpsideDown UIInterfaceOrientationLandscapeLeft UIInterfaceOrientationLandscapeRight";
				INFOPLIST_KEY_UISupportedInterfaceOrientations_iPhone = "UIInterfaceOrientationPortrait UIInterfaceOrientationLandscapeLeft UIInterfaceOrientationLandscapeRight";
				LD_RUNPATH_SEARCH_PATHS = (
					"$(inherited)",
					"@executable_path/Frameworks",
				);
				MARKETING_VERSION = 1.0;
				PRODUCT_BUNDLE_IDENTIFIER = "com.lee.MansunMarket.SeSac-MyMealLog";
				PRODUCT_NAME = "$(TARGET_NAME)";
				SWIFT_EMIT_LOC_STRINGS = YES;
				SWIFT_VERSION = 5.0;
				TARGETED_DEVICE_FAMILY = "1,2";
			};
			name = Release;
		};
/* End XCBuildConfiguration section */

/* Begin XCConfigurationList section */
		1EB7A6932744E9A700ECC25C /* Build configuration list for PBXProject "SeSac_MyMealLog" */ = {
			isa = XCConfigurationList;
			buildConfigurations = (
				1EB7A6AA2744E9A800ECC25C /* Debug */,
				1EB7A6AB2744E9A800ECC25C /* Release */,
			);
			defaultConfigurationIsVisible = 0;
			defaultConfigurationName = Release;
		};
		1EB7A6AC2744E9A800ECC25C /* Build configuration list for PBXNativeTarget "SeSac_MyMealLog" */ = {
			isa = XCConfigurationList;
			buildConfigurations = (
				1EB7A6AD2744E9A800ECC25C /* Debug */,
				1EB7A6AE2744E9A800ECC25C /* Release */,
			);
			defaultConfigurationIsVisible = 0;
			defaultConfigurationName = Release;
		};
/* End XCConfigurationList section */

/* Begin XCRemoteSwiftPackageReference section */
		1EB7A6FE274E3C4A00ECC25C /* XCRemoteSwiftPackageReference "realm-cocoa" */ = {
			isa = XCRemoteSwiftPackageReference;
			repositoryURL = "https://github.com/realm/realm-cocoa.git";
			requirement = {
				kind = exactVersion;
				version = 10.18.0;
			};
		};
/* End XCRemoteSwiftPackageReference section */

/* Begin XCSwiftPackageProductDependency section */
		1EB7A6FF274E3C4A00ECC25C /* Realm */ = {
			isa = XCSwiftPackageProductDependency;
			package = 1EB7A6FE274E3C4A00ECC25C /* XCRemoteSwiftPackageReference "realm-cocoa" */;
			productName = Realm;
		};
		1EB7A701274E3C4A00ECC25C /* RealmSwift */ = {
			isa = XCSwiftPackageProductDependency;
			package = 1EB7A6FE274E3C4A00ECC25C /* XCRemoteSwiftPackageReference "realm-cocoa" */;
			productName = RealmSwift;
		};
/* End XCSwiftPackageProductDependency section */
	};
	rootObject = 1EB7A6902744E9A700ECC25C /* Project object */;
}
